// !$*UTF8*$!
{
	archiveVersion = 1;
	classes = {
	};
	objectVersion = 46;
	objects = {

/* Begin PBXBuildFile section */
		95EECE2F1E9B67230029E858 /* main.cpp in Sources */ = {isa = PBXBuildFile; fileRef = 95EECE2E1E9B67230029E858 /* main.cpp */; };
		95EECE371E9B67370029E858 /* domain.cpp in Sources */ = {isa = PBXBuildFile; fileRef = 95EECE351E9B67370029E858 /* domain.cpp */; };
		95EECE3A1E9B6CF90029E858 /* dynamicVector.cpp in Sources */ = {isa = PBXBuildFile; fileRef = 95EECE381E9B6CF90029E858 /* dynamicVector.cpp */; };
		95EECE3D1E9B6DC00029E858 /* repository.cpp in Sources */ = {isa = PBXBuildFile; fileRef = 95EECE3B1E9B6DC00029E858 /* repository.cpp */; };
		95EECE401E9B6E920029E858 /* controller.cpp in Sources */ = {isa = PBXBuildFile; fileRef = 95EECE3E1E9B6E920029E858 /* controller.cpp */; };
		95EECE431E9B71D00029E858 /* ui.cpp in Sources */ = {isa = PBXBuildFile; fileRef = 95EECE411E9B71D00029E858 /* ui.cpp */; };
/* End PBXBuildFile section */

/* Begin PBXCopyFilesBuildPhase section */
		95EECE291E9B67230029E858 /* CopyFiles */ = {
			isa = PBXCopyFilesBuildPhase;
			buildActionMask = 2147483647;
			dstPath = /usr/share/man/man1/;
			dstSubfolderSpec = 0;
			files = (
			);
			runOnlyForDeploymentPostprocessing = 1;
		};
/* End PBXCopyFilesBuildPhase section */

/* Begin PBXFileReference section */
		95EECE2B1E9B67230029E858 /* test1 */ = {isa = PBXFileReference; explicitFileType = "compiled.mach-o.executable"; includeInIndex = 0; path = test1; sourceTree = BUILT_PRODUCTS_DIR; };
		95EECE2E1E9B67230029E858 /* main.cpp */ = {isa = PBXFileReference; lastKnownFileType = sourcecode.cpp.cpp; path = main.cpp; sourceTree = "<group>"; };
		95EECE351E9B67370029E858 /* domain.cpp */ = {isa = PBXFileReference; fileEncoding = 4; lastKnownFileType = sourcecode.cpp.cpp; name = domain.cpp; path = ../domain.cpp; sourceTree = "<group>"; };
		95EECE361E9B67370029E858 /* domain.hpp */ = {isa = PBXFileReference; fileEncoding = 4; lastKnownFileType = sourcecode.cpp.h; name = domain.hpp; path = ../domain.hpp; sourceTree = "<group>"; };
		95EECE381E9B6CF90029E858 /* dynamicVector.cpp */ = {isa = PBXFileReference; fileEncoding = 4; lastKnownFileType = sourcecode.cpp.cpp; name = dynamicVector.cpp; path = ../dynamicVector.cpp; sourceTree = "<group>"; };
		95EECE391E9B6CF90029E858 /* dynamicVector.hpp */ = {isa = PBXFileReference; fileEncoding = 4; lastKnownFileType = sourcecode.cpp.h; name = dynamicVector.hpp; path = ../dynamicVector.hpp; sourceTree = "<group>"; };
		95EECE3B1E9B6DC00029E858 /* repository.cpp */ = {isa = PBXFileReference; fileEncoding = 4; lastKnownFileType = sourcecode.cpp.cpp; name = repository.cpp; path = ../repository.cpp; sourceTree = "<group>"; };
		95EECE3C1E9B6DC00029E858 /* repository.hpp */ = {isa = PBXFileReference; fileEncoding = 4; lastKnownFileType = sourcecode.cpp.h; name = repository.hpp; path = ../repository.hpp; sourceTree = "<group>"; };
		95EECE3E1E9B6E920029E858 /* controller.cpp */ = {isa = PBXFileReference; fileEncoding = 4; lastKnownFileType = sourcecode.cpp.cpp; name = controller.cpp; path = ../controller.cpp; sourceTree = "<group>"; };
		95EECE3F1E9B6E920029E858 /* controller.hpp */ = {isa = PBXFileReference; fileEncoding = 4; lastKnownFileType = sourcecode.cpp.h; name = controller.hpp; path = ../controller.hpp; sourceTree = "<group>"; };
		95EECE411E9B71D00029E858 /* ui.cpp */ = {isa = PBXFileReference; fileEncoding = 4; lastKnownFileType = sourcecode.cpp.cpp; path = ui.cpp; sourceTree = "<group>"; };
		95EECE421E9B71D00029E858 /* ui.hpp */ = {isa = PBXFileReference; fileEncoding = 4; lastKnownFileType = sourcecode.cpp.h; path = ui.hpp; sourceTree = "<group>"; };
/* End PBXFileReference section */

/* Begin PBXFrameworksBuildPhase section */
		95EECE281E9B67230029E858 /* Frameworks */ = {
			isa = PBXFrameworksBuildPhase;
			buildActionMask = 2147483647;
			files = (
			);
			runOnlyForDeploymentPostprocessing = 0;
		};
/* End PBXFrameworksBuildPhase section */

/* Begin PBXGroup section */
		95EECE221E9B67230029E858 = {
			isa = PBXGroup;
			children = (
				95EECE2D1E9B67230029E858 /* test1 */,
				95EECE2C1E9B67230029E858 /* Products */,
			);
			sourceTree = "<group>";
		};
		95EECE2C1E9B67230029E858 /* Products */ = {
			isa = PBXGroup;
			children = (
				95EECE2B1E9B67230029E858 /* test1 */,
			);
			name = Products;
			sourceTree = "<group>";
		};
		95EECE2D1E9B67230029E858 /* test1 */ = {
			isa = PBXGroup;
			children = (
				95EECE2E1E9B67230029E858 /* main.cpp */,
				95EECE411E9B71D00029E858 /* ui.cpp */,
				95EECE421E9B71D00029E858 /* ui.hpp */,
				95EECE351E9B67370029E858 /* domain.cpp */,
				95EECE361E9B67370029E858 /* domain.hpp */,
				95EECE381E9B6CF90029E858 /* dynamicVector.cpp */,
				95EECE391E9B6CF90029E858 /* dynamicVector.hpp */,
				95EECE3B1E9B6DC00029E858 /* repository.cpp */,
				95EECE3C1E9B6DC00029E858 /* repository.hpp */,
				95EECE3E1E9B6E920029E858 /* controller.cpp */,
				95EECE3F1E9B6E920029E858 /* controller.hpp */,
			);
			path = test1;
			sourceTree = "<group>";
		};
/* End PBXGroup section */

/* Begin PBXNativeTarget section */
		95EECE2A1E9B67230029E858 /* test1 */ = {
			isa = PBXNativeTarget;
			buildConfigurationList = 95EECE321E9B67230029E858 /* Build configuration list for PBXNativeTarget "test1" */;
			buildPhases = (
				95EECE271E9B67230029E858 /* Sources */,
				95EECE281E9B67230029E858 /* Frameworks */,
				95EECE291E9B67230029E858 /* CopyFiles */,
			);
			buildRules = (
			);
			dependencies = (
			);
			name = test1;
			productName = test1;
			productReference = 95EECE2B1E9B67230029E858 /* test1 */;
			productType = "com.apple.product-type.tool";
		};
/* End PBXNativeTarget section */

/* Begin PBXProject section */
		95EECE231E9B67230029E858 /* Project object */ = {
			isa = PBXProject;
			attributes = {
				LastUpgradeCheck = 0830;
				ORGANIZATIONNAME = "Olteanu Andrei";
				TargetAttributes = {
					95EECE2A1E9B67230029E858 = {
						CreatedOnToolsVersion = 8.3;
						DevelopmentTeam = PKG558UE86;
						ProvisioningStyle = Automatic;
					};
				};
			};
			buildConfigurationList = 95EECE261E9B67230029E858 /* Build configuration list for PBXProject "test1" */;
			compatibilityVersion = "Xcode 3.2";
			developmentRegion = English;
			hasScannedForEncodings = 0;
			knownRegions = (
				en,
			);
			mainGroup = 95EECE221E9B67230029E858;
			productRefGroup = 95EECE2C1E9B67230029E858 /* Products */;
			projectDirPath = "";
			projectRoot = "";
			targets = (
				95EECE2A1E9B67230029E858 /* test1 */,
			);
		};
/* End PBXProject section */

/* Begin PBXSourcesBuildPhase section */
		95EECE271E9B67230029E858 /* Sources */ = {
			isa = PBXSourcesBuildPhase;
			buildActionMask = 2147483647;
			files = (
				95EECE2F1E9B67230029E858 /* main.cpp in Sources */,
				95EECE431E9B71D00029E858 /* ui.cpp in Sources */,
				95EECE371E9B67370029E858 /* domain.cpp in Sources */,
				95EECE401E9B6E920029E858 /* controller.cpp in Sources */,
				95EECE3A1E9B6CF90029E858 /* dynamicVector.cpp in Sources */,
				95EECE3D1E9B6DC00029E858 /* repository.cpp in Sources */,
			);
			runOnlyForDeploymentPostprocessing = 0;
		};
/* End PBXSourcesBuildPhase section */

/* Begin XCBuildConfiguration section */
		95EECE301E9B67230029E858 /* Debug */ = {
			isa = XCBuildConfiguration;
			buildSettings = {
				ALWAYS_SEARCH_USER_PATHS = NO;
				CLANG_ANALYZER_NONNULL = YES;
				CLANG_ANALYZER_NUMBER_OBJECT_CONVERSION = YES_AGGRESSIVE;
				CLANG_CXX_LANGUAGE_STANDARD = "gnu++0x";
				CLANG_CXX_LIBRARY = "libc++";
				CLANG_ENABLE_MODULES = YES;
				CLANG_ENABLE_OBJC_ARC = YES;
				CLANG_WARN_BOOL_CONVERSION = YES;
				CLANG_WARN_CONSTANT_CONVERSION = YES;
				CLANG_WARN_DIRECT_OBJC_ISA_USAGE = YES_ERROR;
				CLANG_WARN_DOCUMENTATION_COMMENTS = YES;
				CLANG_WARN_EMPTY_BODY = YES;
				CLANG_WARN_ENUM_CONVERSION = YES;
				CLANG_WARN_INFINITE_RECURSION = YES;
				CLANG_WARN_INT_CONVERSION = YES;
				CLANG_WARN_OBJC_ROOT_CLASS = YES_ERROR;
				CLANG_WARN_SUSPICIOUS_MOVE = YES;
				CLANG_WARN_UNREACHABLE_CODE = YES;
				CLANG_WARN__DUPLICATE_METHOD_MATCH = YES;
				CODE_SIGN_IDENTITY = "-";
				COPY_PHASE_STRIP = NO;
				DEBUG_INFORMATION_FORMAT = dwarf;
				ENABLE_STRICT_OBJC_MSGSEND = YES;
				ENABLE_TESTABILITY = YES;
				GCC_C_LANGUAGE_STANDARD = gnu99;
				GCC_DYNAMIC_NO_PIC = NO;
				GCC_NO_COMMON_BLOCKS = YES;
				GCC_OPTIMIZATION_LEVEL = 0;
				GCC_PREPROCESSOR_DEFINITIONS = (
					"DEBUG=1",
					"$(inherited)",
				);
				GCC_WARN_64_TO_32_BIT_CONVERSION = YES;
				GCC_WARN_ABOUT_RETURN_TYPE = YES_ERROR;
				GCC_WARN_UNDECLARED_SELECTOR = YES;
				GCC_WARN_UNINITIALIZED_AUTOS = YES_AGGRESSIVE;
				GCC_WARN_UNUSED_FUNCTION = YES;
				GCC_WARN_UNUSED_VARIABLE = YES;
				MACOSX_DEPLOYMENT_TARGET = 10.12;
				MTL_ENABLE_DEBUG_INFO = YES;
				ONLY_ACTIVE_ARCH = YES;
				SDKROOT = macosx;
			};
			name = Debug;
		};
		95EECE311E9B67230029E858 /* Release */ = {
			isa = XCBuildConfiguration;
			buildSettings = {
				ALWAYS_SEARCH_USER_PATHS = NO;
				CLANG_ANALYZER_NONNULL = YES;
				CLANG_ANALYZER_NUMBER_OBJECT_CONVERSION = YES_AGGRESSIVE;
				CLANG_CXX_LANGUAGE_STANDARD = "gnu++0x";
				CLANG_CXX_LIBRARY = "libc++";
				CLANG_ENABLE_MODULES = YES;
				CLANG_ENABLE_OBJC_ARC = YES;
				CLANG_WARN_BOOL_CONVERSION = YES;
				CLANG_WARN_CONSTANT_CONVERSION = YES;
				CLANG_WARN_DIRECT_OBJC_ISA_USAGE = YES_ERROR;
				CLANG_WARN_DOCUMENTATION_COMMENTS = YES;
				CLANG_WARN_EMPTY_BODY = YES;
				CLANG_WARN_ENUM_CONVERSION = YES;
				CLANG_WARN_INFINITE_RECURSION = YES;
				CLANG_WARN_INT_CONVERSION = YES;
				CLANG_WARN_OBJC_ROOT_CLASS = YES_ERROR;
				CLANG_WARN_SUSPICIOUS_MOVE = YES;
				CLANG_WARN_UNREACHABLE_CODE = YES;
				CLANG_WARN__DUPLICATE_METHOD_MATCH = YES;
				CODE_SIGN_IDENTITY = "-";
				COPY_PHASE_STRIP = NO;
				DEBUG_INFORMATION_FORMAT = "dwarf-with-dsym";
				ENABLE_NS_ASSERTIONS = NO;
				ENABLE_STRICT_OBJC_MSGSEND = YES;
				GCC_C_LANGUAGE_STANDARD = gnu99;
				GCC_NO_COMMON_BLOCKS = YES;
				GCC_WARN_64_TO_32_BIT_CONVERSION = YES;
				GCC_WARN_ABOUT_RETURN_TYPE = YES_ERROR;
				GCC_WARN_UNDECLARED_SELECTOR = YES;
				GCC_WARN_UNINITIALIZED_AUTOS = YES_AGGRESSIVE;
				GCC_WARN_UNUSED_FUNCTION = YES;
				GCC_WARN_UNUSED_VARIABLE = YES;
				MACOSX_DEPLOYMENT_TARGET = 10.12;
				MTL_ENABLE_DEBUG_INFO = NO;
				SDKROOT = macosx;
			};
			name = Release;
		};
		95EECE331E9B67230029E858 /* Debug */ = {
			isa = XCBuildConfiguration;
			buildSettings = {
				DEVELOPMENT_TEAM = PKG558UE86;
				PRODUCT_NAME = "$(TARGET_NAME)";
			};
			name = Debug;
		};
		95EECE341E9B67230029E858 /* Release */ = {
			isa = XCBuildConfiguration;
			buildSettings = {
				DEVELOPMENT_TEAM = PKG558UE86;
				PRODUCT_NAME = "$(TARGET_NAME)";
			};
			name = Release;
		};
/* End XCBuildConfiguration section */

/* Begin XCConfigurationList section */
		95EECE261E9B67230029E858 /* Build configuration list for PBXProject "test1" */ = {
			isa = XCConfigurationList;
			buildConfigurations = (
				95EECE301E9B67230029E858 /* Debug */,
				95EECE311E9B67230029E858 /* Release */,
			);
			defaultConfigurationIsVisible = 0;
			defaultConfigurationName = Release;
		};
		95EECE321E9B67230029E858 /* Build configuration list for PBXNativeTarget "test1" */ = {
			isa = XCConfigurationList;
			buildConfigurations = (
				95EECE331E9B67230029E858 /* Debug */,
				95EECE341E9B67230029E858 /* Release */,
			);
			defaultConfigurationIsVisible = 0;
			defaultConfigurationName = Release;
		};
/* End XCConfigurationList section */
	};
	rootObject = 95EECE231E9B67230029E858 /* Project object */;
}
